
Microsoft Visual Studio Solution File, Format Version 12.00
# Visual Studio Version 17
VisualStudioVersion = 17.11.35327.3
MinimumVisualStudioVersion = 10.0.40219.1
Project("{8BC9CEB8-8B4A-11D0-8D11-00A0C91BC942}") = "Encapsulation", "Encapsulation.vcxproj", "{D18A3B15-C944-42B8-9BDE-B7E486BB69DD}"
EndProject
Global
	GlobalSection(SolutionConfigurationPlatforms) = preSolution
		Debug|x64 = Debug|x64
		Debug|x86 = Debug|x86
		Release|x64 = Release|x64
		Release|x86 = Release|x86
	EndGlobalSection
	GlobalSection(ProjectConfigurationPlatforms) = postSolution
		{D18A3B15-C944-42B8-9BDE-B7E486BB69DD}.Debug|x64.ActiveCfg = Debug|x64
		{D18A3B15-C944-42B8-9BDE-B7E486BB69DD}.Debug|x64.Build.0 = Debug|x64
		{D18A3B15-C944-42B8-9BDE-B7E486BB69DD}.Debug|x86.ActiveCfg = Debug|Win32
		{D18A3B15-C944-42B8-9BDE-B7E486BB69DD}.Debug|x86.Build.0 = Debug|Win32
		{D18A3B15-C944-42B8-9BDE-B7E486BB69DD}.Release|x64.ActiveCfg = Release|x64
		{D18A3B15-C944-42B8-9BDE-B7E486BB69DD}.Release|x64.Build.0 = Release|x64
		{D18A3B15-C944-42B8-9BDE-B7E486BB69DD}.Release|x86.ActiveCfg = Release|Win32
		{D18A3B15-C944-42B8-9BDE-B7E486BB69DD}.Release|x86.Build.0 = Release|Win32
	EndGlobalSection
	GlobalSection(SolutionProperties) = preSolution
		HideSolutionNode = FALSE
	EndGlobalSection
	GlobalSection(ExtensibilityGlobals) = postSolution
		SolutionGuid = {AABC977F-50AA-48D4-9235-DC73CD69C194}
	EndGlobalSection
EndGlobal
