
Microsoft Visual Studio Solution File, Format Version 12.00
# Visual Studio Version 17
VisualStudioVersion = 17.11.35327.3
MinimumVisualStudioVersion = 10.0.40219.1
Project("{8BC9CEB8-8B4A-11D0-8D11-00A0C91BC942}") = "OperatorOverLoad", "OperatorOverLoad.vcxproj", "{EEB117F7-6ADE-4F4F-B1FE-1A5CF891747E}"
EndProject
Global
	GlobalSection(SolutionConfigurationPlatforms) = preSolution
		Debug|x64 = Debug|x64
		Debug|x86 = Debug|x86
		Release|x64 = Release|x64
		Release|x86 = Release|x86
	EndGlobalSection
	GlobalSection(ProjectConfigurationPlatforms) = postSolution
		{EEB117F7-6ADE-4F4F-B1FE-1A5CF891747E}.Debug|x64.ActiveCfg = Debug|x64
		{EEB117F7-6ADE-4F4F-B1FE-1A5CF891747E}.Debug|x64.Build.0 = Debug|x64
		{EEB117F7-6ADE-4F4F-B1FE-1A5CF891747E}.Debug|x86.ActiveCfg = Debug|Win32
		{EEB117F7-6ADE-4F4F-B1FE-1A5CF891747E}.Debug|x86.Build.0 = Debug|Win32
		{EEB117F7-6ADE-4F4F-B1FE-1A5CF891747E}.Release|x64.ActiveCfg = Release|x64
		{EEB117F7-6ADE-4F4F-B1FE-1A5CF891747E}.Release|x64.Build.0 = Release|x64
		{EEB117F7-6ADE-4F4F-B1FE-1A5CF891747E}.Release|x86.ActiveCfg = Release|Win32
		{EEB117F7-6ADE-4F4F-B1FE-1A5CF891747E}.Release|x86.Build.0 = Release|Win32
	EndGlobalSection
	GlobalSection(SolutionProperties) = preSolution
		HideSolutionNode = FALSE
	EndGlobalSection
	GlobalSection(ExtensibilityGlobals) = postSolution
		SolutionGuid = {EED3FCFA-6D04-4C20-9B5D-692F59CE933F}
	EndGlobalSection
EndGlobal
